
Microsoft Visual Studio Solution File, Format Version 12.00
# Visual Studio Version 17
VisualStudioVersion = 17.4.33110.190
MinimumVisualStudioVersion = 10.0.40219.1
Project("{FAE04EC0-301F-11D3-BF4B-00C04F79EFBC}") = "webbapp", "webbapp\webbapp.csproj", "{341A84B9-FCC9-4F7E-AD82-66B3BCBC4B7C}"
EndProject
Global
	GlobalSection(SolutionConfigurationPlatforms) = preSolution
		Debug|Any CPU = Debug|Any CPU
		Release|Any CPU = Release|Any CPU
	EndGlobalSection
	GlobalSection(ProjectConfigurationPlatforms) = postSolution
		{341A84B9-FCC9-4F7E-AD82-66B3BCBC4B7C}.Debug|Any CPU.ActiveCfg = Debug|Any CPU
		{341A84B9-FCC9-4F7E-AD82-66B3BCBC4B7C}.Debug|Any CPU.Build.0 = Debug|Any CPU
		{341A84B9-FCC9-4F7E-AD82-66B3BCBC4B7C}.Release|Any CPU.ActiveCfg = Release|Any CPU
		{341A84B9-FCC9-4F7E-AD82-66B3BCBC4B7C}.Release|Any CPU.Build.0 = Release|Any CPU
	EndGlobalSection
	GlobalSection(SolutionProperties) = preSolution
		HideSolutionNode = FALSE
	EndGlobalSection
	GlobalSection(ExtensibilityGlobals) = postSolution
		SolutionGuid = {47BDD965-8739-4B60-BD96-A1F7FD370652}
	EndGlobalSection
EndGlobal
